dependencies:
- name: nginx-ingress
  repository: https://kubernetes-charts.storage.googleapis.com/
  version: 0.31.0
- name: grafana
  repository: https://kubernetes-charts.storage.googleapis.com/
  version: 1.18.0
- name: kube-prometheus
  repository: https://s3-eu-west-1.amazonaws.com/coreos-charts/stable/
  version: 0.0.105
- name: kubed
  repository: https://charts.appscode.com/stable/
  version: 0.8.0
- name: radix-kubernetes-api-proxy
  repository: https://radixdev.azurecr.io/helm/v1/repo
  version: 1.0.0
- name: radix-e2e-monitoring
  repository: https://radixdev.azurecr.io/helm/v1/repo
  version: 1.0.0
digest: sha256:d134e4f2d3b9104e7558dde91b9ce6f3f88df57af90d6b9197ad48314ab217e8
generated: 2018-11-30T09:44:14.2215628+01:00
