dependencies:
- name: nginx-ingress
  repository: https://kubernetes-charts.storage.googleapis.com/
  version: 1.1.1
- name: cert-manager
  repository: https://kubernetes-charts.storage.googleapis.com/
  version: v0.5.2
- name: grafana
  repository: https://kubernetes-charts.storage.googleapis.com/
  version: 1.21.2
- name: kube-prometheus
  repository: https://s3-eu-west-1.amazonaws.com/coreos-charts/stable/
  version: 0.0.105
- name: kubed
  repository: https://charts.appscode.com/stable/
  version: 0.9.0
- name: radix-e2e-monitoring
  repository: https://radixprod.azurecr.io/helm/v1/repo
  version: 1.0.5
- name: humio
  repository: https://radixprod.azurecr.io/helm/v1/repo
  version: 1.0.1
digest: sha256:cc9384c94d7165aed4d38b52579f308c680e6ac472a37cebabcdd303a1fd01f9
generated: 2019-02-04T21:21:52.9662882+01:00
