dependencies:
- name: nginx-ingress
  repository: https://kubernetes-charts.storage.googleapis.com/
  version: 0.31.0
- name: grafana
  repository: https://kubernetes-charts.storage.googleapis.com/
  version: 1.18.0
- name: kube-prometheus
  repository: https://s3-eu-west-1.amazonaws.com/coreos-charts/stable/
  version: 0.0.105
- name: kubed
  repository: https://charts.appscode.com/stable/
  version: 0.8.0
- name: radix-kubernetes-api-proxy
  repository: https://radixdev.azurecr.io/helm/v1/repo
  version: 1.0.0
- name: radix-operator
  repository: https://radixdev.azurecr.io/helm/v1/repo
  version: 1.0.0
digest: sha256:6dc29183a188243222f0131fcc71e59c15ae7cb6211f8b4fd47b58e19e52fe27
generated: 2018-11-26T12:14:09.3213884+01:00
