dependencies:
- name: nginx-ingress
  repository: https://kubernetes-charts.storage.googleapis.com/
  version: 0.28.2
- name: grafana
  repository: https://kubernetes-charts.storage.googleapis.com/
  version: 1.16.0
- name: cert-manager
  repository: https://kubernetes-charts.storage.googleapis.com/
  version: v0.5.0
- name: prometheus-operator
  repository: https://s3-eu-west-1.amazonaws.com/coreos-charts/stable/
  version: 0.0.29
- name: kube-prometheus
  repository: https://s3-eu-west-1.amazonaws.com/coreos-charts/stable/
  version: 0.0.105
- name: kubed
  repository: https://charts.appscode.com/stable/
  version: 0.8.0
- name: radix-kubernetes-api-proxy
  repository: https://radixdev.azurecr.io/helm/v1/repo
  version: 1.0.0
- name: radix-operator
  repository: https://radixdev.azurecr.io/helm/v1/repo
  version: 0.1.0
digest: sha256:27243b1e551b5ebf41dd24be4a157dd8bed9c6be3dc3895ede26abc46d077c15
generated: 2018-10-05T12:28:27.3428273+02:00
